
Microsoft Visual Studio Solution File, Format Version 12.00
# Visual Studio Version 17
VisualStudioVersion = 17.11.35208.52
MinimumVisualStudioVersion = 10.0.40219.1
Project("{FAE04EC0-301F-11D3-BF4B-00C04F79EFBC}") = "Simple_Vpn", "Simple_Vpn\Simple_Vpn.csproj", "{3038991D-FDC2-4175-998D-488805344D5A}"
EndProject
Global
	GlobalSection(SolutionConfigurationPlatforms) = preSolution
		Debug|Any CPU = Debug|Any CPU
		Release|Any CPU = Release|Any CPU
	EndGlobalSection
	GlobalSection(ProjectConfigurationPlatforms) = postSolution
		{3038991D-FDC2-4175-998D-488805344D5A}.Debug|Any CPU.ActiveCfg = Debug|Any CPU
		{3038991D-FDC2-4175-998D-488805344D5A}.Debug|Any CPU.Build.0 = Debug|Any CPU
		{3038991D-FDC2-4175-998D-488805344D5A}.Release|Any CPU.ActiveCfg = Release|Any CPU
		{3038991D-FDC2-4175-998D-488805344D5A}.Release|Any CPU.Build.0 = Release|Any CPU
	EndGlobalSection
	GlobalSection(SolutionProperties) = preSolution
		HideSolutionNode = FALSE
	EndGlobalSection
	GlobalSection(ExtensibilityGlobals) = postSolution
		SolutionGuid = {26304133-1887-4CC5-8733-BBA5AF5885E0}
	EndGlobalSection
EndGlobal
